Microsoft Visual Studio Solution File, Format Version 12.00
# Visual Studio Version 17
VisualStudioVersion = 17.0.31903.59
MinimumVisualStudioVersion = 10.0.40219.1

# Agent Projects
Project("{9A19103F-16F7-4668-BE54-9A1E7A4F7556}") = "EAM.Agent", "src\Agent\EAM.Agent\EAM.Agent.csproj", "{A1B2C3D4-E5F6-7890-1234-567890ABCDEF}"
EndProject
Project("{9A19103F-16F7-4668-BE54-9A1E7A4F7556}") = "EAM.Agent.Core", "src\Agent\EAM.Agent.Core\EAM.Agent.Core.csproj", "{B2C3D4E5-F6G7-8901-2345-678901BCDEFG}"
EndProject
Project("{9A19103F-16F7-4668-BE54-9A1E7A4F7556}") = "EAM.Agent.Installer", "src\Agent\EAM.Agent.Installer\EAM.Agent.Installer.csproj", "{C3D4E5F6-G7H8-9012-3456-789012CDEFGH}"
EndProject

# API Projects
Project("{9A19103F-16F7-4668-BE54-9A1E7A4F7556}") = "EAM.API", "src\API\EAM.API\EAM.API.csproj", "{D4E5F6G7-H8I9-0123-4567-890123DEFGHI}"
EndProject
Project("{9A19103F-16F7-4668-BE54-9A1E7A4F7556}") = "EAM.API.Core", "src\API\EAM.API.Core\EAM.API.Core.csproj", "{E5F6G7H8-I9J0-1234-5678-901234EFGHIJ}"
EndProject

# Web Projects
Project("{9A19103F-16F7-4668-BE54-9A1E7A4F7556}") = "EAM.Web", "src\Web\EAM.Web\EAM.Web.csproj", "{F6G7H8I9-J0K1-2345-6789-012345FGHIJK}"
EndProject

# Shared Projects
Project("{9A19103F-16F7-4668-BE54-9A1E7A4F7556}") = "EAM.Shared", "src\EAM.Shared\EAM.Shared.csproj", "{G7H8I9J0-K1L2-3456-7890-123456GHIJKL}"
EndProject
Project("{9A19103F-16F7-4668-BE54-9A1E7A4F7556}") = "EAM.Shared.Contracts", "src\Shared\EAM.Shared.Contracts\EAM.Shared.Contracts.csproj", "{H8I9J0K1-L2M3-4567-8901-234567HIJKLM}"
EndProject
Project("{9A19103F-16F7-4668-BE54-9A1E7A4F7556}") = "EAM.Shared.Security", "src\Shared\EAM.Shared.Security\EAM.Shared.Security.csproj", "{I9J0K1L2-M3N4-5678-9012-345678IJKLMN}"
EndProject
Project("{9A19103F-16F7-4668-BE54-9A1E7A4F7556}") = "EAM.Shared.Telemetry", "src\Shared\EAM.Shared.Telemetry\EAM.Shared.Telemetry.csproj", "{J0K1L2M3-N4O5-6789-0123-456789JKLMNO}"
EndProject

# Infrastructure Projects
Project("{9A19103F-16F7-4668-BE54-9A1E7A4F7556}") = "EAM.Infrastructure.Data", "src\Infrastructure\EAM.Infrastructure.Data\EAM.Infrastructure.Data.csproj", "{K1L2M3N4-O5P6-7890-1234-567890KLMNOP}"
EndProject
Project("{9A19103F-16F7-4668-BE54-9A1E7A4F7556}") = "EAM.Infrastructure.Messaging", "src\Infrastructure\EAM.Infrastructure.Messaging\EAM.Infrastructure.Messaging.csproj", "{L2M3N4O5-P6Q7-8901-2345-678901LMNOPQ}"
EndProject
Project("{9A19103F-16F7-4668-BE54-9A1E7A4F7556}") = "EAM.Infrastructure.Storage", "src\Infrastructure\EAM.Infrastructure.Storage\EAM.Infrastructure.Storage.csproj", "{M3N4O5P6-Q7R8-9012-3456-789012MNOPQR}"
EndProject
Project("{9A19103F-16F7-4668-BE54-9A1E7A4F7556}") = "EAM.Infrastructure.Cache", "src\Infrastructure\EAM.Infrastructure.Cache\EAM.Infrastructure.Cache.csproj", "{N4O5P6Q7-R8S9-0123-4567-890123NOPQRS}"
EndProject
Project("{9A19103F-16F7-4668-BE54-9A1E7A4F7556}") = "EAM.Infrastructure.Processing", "src\Infrastructure\EAM.Infrastructure.Processing\EAM.Infrastructure.Processing.csproj", "{O5P6Q7R8-S9T0-1234-5678-901234OPQRST}"
EndProject
Project("{9A19103F-16F7-4668-BE54-9A1E7A4F7556}") = "EAM.Infrastructure.Analytics", "src\Infrastructure\EAM.Infrastructure.Analytics\EAM.Infrastructure.Analytics.csproj", "{P6Q7R8S9-T0U1-2345-6789-012345PQRSTU}"
EndProject
Project("{9A19103F-16F7-4668-BE54-9A1E7A4F7556}") = "EAM.Infrastructure.Telemetry", "src\Infrastructure\EAM.Infrastructure.Telemetry\EAM.Infrastructure.Telemetry.csproj", "{Q7R8S9T0-U1V2-3456-7890-123456QRSTUV}"
EndProject

# Test Projects
Project("{9A19103F-16F7-4668-BE54-9A1E7A4F7556}") = "EAM.Agent.Tests", "tests\EAM.Agent.Tests\EAM.Agent.Tests.csproj", "{P6Q7R8S9-T0U1-2345-6789-012345PQRSTU}"
EndProject
Project("{9A19103F-16F7-4668-BE54-9A1E7A4F7556}") = "EAM.API.Tests", "tests\EAM.API.Tests\EAM.API.Tests.csproj", "{Q7R8S9T0-U1V2-3456-7890-123456QRSTUV}"
EndProject
Project("{9A19103F-16F7-4668-BE54-9A1E7A4F7556}") = "EAM.Web.Tests", "tests\EAM.Web.Tests\EAM.Web.Tests.csproj", "{R8S9T0U1-V2W3-4567-8901-234567RSTUVW}"
EndProject
Project("{9A19103F-16F7-4668-BE54-9A1E7A4F7556}") = "EAM.Integration.Tests", "tests\EAM.Integration.Tests\EAM.Integration.Tests.csproj", "{S9T0U1V2-W3X4-5678-9012-345678STUVWX}"
EndProject

# Solution Folders
Project("{2150E333-8FDC-42A3-9474-1A3956D46DE8}") = "src", "src", "{01234567-89AB-CDEF-0123-456789ABCDEF}"
EndProject
Project("{2150E333-8FDC-42A3-9474-1A3956D46DE8}") = "Agent", "Agent", "{12345678-9ABC-DEF0-1234-56789ABCDEF0}"
EndProject
Project("{2150E333-8FDC-42A3-9474-1A3956D46DE8}") = "API", "API", "{23456789-ABCD-EF01-2345-6789ABCDEF01}"
EndProject
Project("{2150E333-8FDC-42A3-9474-1A3956D46DE8}") = "Web", "Web", "{3456789A-BCDE-F012-3456-789ABCDEF012}"
EndProject
Project("{2150E333-8FDC-42A3-9474-1A3956D46DE8}") = "Shared", "Shared", "{456789AB-CDEF-0123-4567-89ABCDEF0123}"
EndProject
Project("{2150E333-8FDC-42A3-9474-1A3956D46DE8}") = "Infrastructure", "Infrastructure", "{56789ABC-DEF0-1234-5678-9ABCDEF01234}"
EndProject
Project("{2150E333-8FDC-42A3-9474-1A3956D46DE8}") = "tests", "tests", "{6789ABCD-EF01-2345-6789-ABCDEF012345}"
EndProject
Project("{2150E333-8FDC-42A3-9474-1A3956D46DE8}") = "docs", "docs", "{789ABCDE-F012-3456-789A-BCDEF0123456}"
EndProject
Project("{2150E333-8FDC-42A3-9474-1A3956D46DE8}") = "scripts", "scripts", "{89ABCDEF-0123-4567-89AB-CDEF01234567}"
EndProject
Project("{2150E333-8FDC-42A3-9474-1A3956D46DE8}") = "docker", "docker", "{9ABCDEF0-1234-5678-9ABC-DEF012345678}"
EndProject

Global
	GlobalSection(SolutionConfigurationPlatforms) = preSolution
		Debug|Any CPU = Debug|Any CPU
		Release|Any CPU = Release|Any CPU
	EndGlobalSection
	GlobalSection(ProjectConfigurationPlatforms) = postSolution
		{A1B2C3D4-E5F6-7890-1234-567890ABCDEF}.Debug|Any CPU.ActiveCfg = Debug|Any CPU
		{A1B2C3D4-E5F6-7890-1234-567890ABCDEF}.Debug|Any CPU.Build.0 = Debug|Any CPU
		{A1B2C3D4-E5F6-7890-1234-567890ABCDEF}.Release|Any CPU.ActiveCfg = Release|Any CPU
		{A1B2C3D4-E5F6-7890-1234-567890ABCDEF}.Release|Any CPU.Build.0 = Release|Any CPU
		{B2C3D4E5-F6G7-8901-2345-678901BCDEFG}.Debug|Any CPU.ActiveCfg = Debug|Any CPU
		{B2C3D4E5-F6G7-8901-2345-678901BCDEFG}.Debug|Any CPU.Build.0 = Debug|Any CPU
		{B2C3D4E5-F6G7-8901-2345-678901BCDEFG}.Release|Any CPU.ActiveCfg = Release|Any CPU
		{B2C3D4E5-F6G7-8901-2345-678901BCDEFG}.Release|Any CPU.Build.0 = Release|Any CPU
		{C3D4E5F6-G7H8-9012-3456-789012CDEFGH}.Debug|Any CPU.ActiveCfg = Debug|Any CPU
		{C3D4E5F6-G7H8-9012-3456-789012CDEFGH}.Debug|Any CPU.Build.0 = Debug|Any CPU
		{C3D4E5F6-G7H8-9012-3456-789012CDEFGH}.Release|Any CPU.ActiveCfg = Release|Any CPU
		{C3D4E5F6-G7H8-9012-3456-789012CDEFGH}.Release|Any CPU.Build.0 = Release|Any CPU
		{D4E5F6G7-H8I9-0123-4567-890123DEFGHI}.Debug|Any CPU.ActiveCfg = Debug|Any CPU
		{D4E5F6G7-H8I9-0123-4567-890123DEFGHI}.Debug|Any CPU.Build.0 = Debug|Any CPU
		{D4E5F6G7-H8I9-0123-4567-890123DEFGHI}.Release|Any CPU.ActiveCfg = Release|Any CPU
		{D4E5F6G7-H8I9-0123-4567-890123DEFGHI}.Release|Any CPU.Build.0 = Release|Any CPU
		{E5F6G7H8-I9J0-1234-5678-901234EFGHIJ}.Debug|Any CPU.ActiveCfg = Debug|Any CPU
		{E5F6G7H8-I9J0-1234-5678-901234EFGHIJ}.Debug|Any CPU.Build.0 = Debug|Any CPU
		{E5F6G7H8-I9J0-1234-5678-901234EFGHIJ}.Release|Any CPU.ActiveCfg = Release|Any CPU
		{E5F6G7H8-I9J0-1234-5678-901234EFGHIJ}.Release|Any CPU.Build.0 = Release|Any CPU
		{F6G7H8I9-J0K1-2345-6789-012345FGHIJK}.Debug|Any CPU.ActiveCfg = Debug|Any CPU
		{F6G7H8I9-J0K1-2345-6789-012345FGHIJK}.Debug|Any CPU.Build.0 = Debug|Any CPU
		{F6G7H8I9-J0K1-2345-6789-012345FGHIJK}.Release|Any CPU.ActiveCfg = Release|Any CPU
		{F6G7H8I9-J0K1-2345-6789-012345FGHIJK}.Release|Any CPU.Build.0 = Release|Any CPU
		{G7H8I9J0-K1L2-3456-7890-123456GHIJKL}.Debug|Any CPU.ActiveCfg = Debug|Any CPU
		{G7H8I9J0-K1L2-3456-7890-123456GHIJKL}.Debug|Any CPU.Build.0 = Debug|Any CPU
		{G7H8I9J0-K1L2-3456-7890-123456GHIJKL}.Release|Any CPU.ActiveCfg = Release|Any CPU
		{G7H8I9J0-K1L2-3456-7890-123456GHIJKL}.Release|Any CPU.Build.0 = Release|Any CPU
		{H8I9J0K1-L2M3-4567-8901-234567HIJKLM}.Debug|Any CPU.ActiveCfg = Debug|Any CPU
		{H8I9J0K1-L2M3-4567-8901-234567HIJKLM}.Debug|Any CPU.Build.0 = Debug|Any CPU
		{H8I9J0K1-L2M3-4567-8901-234567HIJKLM}.Release|Any CPU.ActiveCfg = Release|Any CPU
		{H8I9J0K1-L2M3-4567-8901-234567HIJKLM}.Release|Any CPU.Build.0 = Release|Any CPU
		{I9J0K1L2-M3N4-5678-9012-345678IJKLMN}.Debug|Any CPU.ActiveCfg = Debug|Any CPU
		{I9J0K1L2-M3N4-5678-9012-345678IJKLMN}.Debug|Any CPU.Build.0 = Debug|Any CPU
		{I9J0K1L2-M3N4-5678-9012-345678IJKLMN}.Release|Any CPU.ActiveCfg = Release|Any CPU
		{I9J0K1L2-M3N4-5678-9012-345678IJKLMN}.Release|Any CPU.Build.0 = Release|Any CPU
		{J0K1L2M3-N4O5-6789-0123-456789JKLMNO}.Debug|Any CPU.ActiveCfg = Debug|Any CPU
		{J0K1L2M3-N4O5-6789-0123-456789JKLMNO}.Debug|Any CPU.Build.0 = Debug|Any CPU
		{J0K1L2M3-N4O5-6789-0123-456789JKLMNO}.Release|Any CPU.ActiveCfg = Release|Any CPU
		{J0K1L2M3-N4O5-6789-0123-456789JKLMNO}.Release|Any CPU.Build.0 = Release|Any CPU
		{K1L2M3N4-O5P6-7890-1234-567890KLMNOP}.Debug|Any CPU.ActiveCfg = Debug|Any CPU
		{K1L2M3N4-O5P6-7890-1234-567890KLMNOP}.Debug|Any CPU.Build.0 = Debug|Any CPU
		{K1L2M3N4-O5P6-7890-1234-567890KLMNOP}.Release|Any CPU.ActiveCfg = Release|Any CPU
		{K1L2M3N4-O5P6-7890-1234-567890KLMNOP}.Release|Any CPU.Build.0 = Release|Any CPU
		{L2M3N4O5-P6Q7-8901-2345-678901LMNOPQ}.Debug|Any CPU.ActiveCfg = Debug|Any CPU
		{L2M3N4O5-P6Q7-8901-2345-678901LMNOPQ}.Debug|Any CPU.Build.0 = Debug|Any CPU
		{L2M3N4O5-P6Q7-8901-2345-678901LMNOPQ}.Release|Any CPU.ActiveCfg = Release|Any CPU
		{L2M3N4O5-P6Q7-8901-2345-678901LMNOPQ}.Release|Any CPU.Build.0 = Release|Any CPU
		{M3N4O5P6-Q7R8-9012-3456-789012MNOPQR}.Debug|Any CPU.ActiveCfg = Debug|Any CPU
		{M3N4O5P6-Q7R8-9012-3456-789012MNOPQR}.Debug|Any CPU.Build.0 = Debug|Any CPU
		{M3N4O5P6-Q7R8-9012-3456-789012MNOPQR}.Release|Any CPU.ActiveCfg = Release|Any CPU
		{M3N4O5P6-Q7R8-9012-3456-789012MNOPQR}.Release|Any CPU.Build.0 = Release|Any CPU
		{N4O5P6Q7-R8S9-0123-4567-890123NOPQRS}.Debug|Any CPU.ActiveCfg = Debug|Any CPU
		{N4O5P6Q7-R8S9-0123-4567-890123NOPQRS}.Debug|Any CPU.Build.0 = Debug|Any CPU
		{N4O5P6Q7-R8S9-0123-4567-890123NOPQRS}.Release|Any CPU.ActiveCfg = Release|Any CPU
		{N4O5P6Q7-R8S9-0123-4567-890123NOPQRS}.Release|Any CPU.Build.0 = Release|Any CPU
		{O5P6Q7R8-S9T0-1234-5678-901234OPQRST}.Debug|Any CPU.ActiveCfg = Debug|Any CPU
		{O5P6Q7R8-S9T0-1234-5678-901234OPQRST}.Debug|Any CPU.Build.0 = Debug|Any CPU
		{O5P6Q7R8-S9T0-1234-5678-901234OPQRST}.Release|Any CPU.ActiveCfg = Release|Any CPU
		{O5P6Q7R8-S9T0-1234-5678-901234OPQRST}.Release|Any CPU.Build.0 = Release|Any CPU
		{P6Q7R8S9-T0U1-2345-6789-012345PQRSTU}.Debug|Any CPU.ActiveCfg = Debug|Any CPU
		{P6Q7R8S9-T0U1-2345-6789-012345PQRSTU}.Debug|Any CPU.Build.0 = Debug|Any CPU
		{P6Q7R8S9-T0U1-2345-6789-012345PQRSTU}.Release|Any CPU.ActiveCfg = Release|Any CPU
		{P6Q7R8S9-T0U1-2345-6789-012345PQRSTU}.Release|Any CPU.Build.0 = Release|Any CPU
		{Q7R8S9T0-U1V2-3456-7890-123456QRSTUV}.Debug|Any CPU.ActiveCfg = Debug|Any CPU
		{Q7R8S9T0-U1V2-3456-7890-123456QRSTUV}.Debug|Any CPU.Build.0 = Debug|Any CPU
		{Q7R8S9T0-U1V2-3456-7890-123456QRSTUV}.Release|Any CPU.ActiveCfg = Release|Any CPU
		{Q7R8S9T0-U1V2-3456-7890-123456QRSTUV}.Release|Any CPU.Build.0 = Release|Any CPU
		{R8S9T0U1-V2W3-4567-8901-234567RSTUVW}.Debug|Any CPU.ActiveCfg = Debug|Any CPU
		{R8S9T0U1-V2W3-4567-8901-234567RSTUVW}.Debug|Any CPU.Build.0 = Debug|Any CPU
		{R8S9T0U1-V2W3-4567-8901-234567RSTUVW}.Release|Any CPU.ActiveCfg = Release|Any CPU
		{R8S9T0U1-V2W3-4567-8901-234567RSTUVW}.Release|Any CPU.Build.0 = Release|Any CPU
	EndGlobalSection
	GlobalSection(SolutionProperties) = preSolution
		HideSolutionNode = FALSE
	EndGlobalSection
	GlobalSection(NestedProjects) = preSolution
		{A1B2C3D4-E5F6-7890-1234-567890ABCDEF} = {12345678-9ABC-DEF0-1234-56789ABCDEF0}
		{B2C3D4E5-F6G7-8901-2345-678901BCDEFG} = {12345678-9ABC-DEF0-1234-56789ABCDEF0}
		{C3D4E5F6-G7H8-9012-3456-789012CDEFGH} = {12345678-9ABC-DEF0-1234-56789ABCDEF0}
		{D4E5F6G7-H8I9-0123-4567-890123DEFGHI} = {23456789-ABCD-EF01-2345-6789ABCDEF01}
		{E5F6G7H8-I9J0-1234-5678-901234EFGHIJ} = {23456789-ABCD-EF01-2345-6789ABCDEF01}
		{F6G7H8I9-J0K1-2345-6789-012345FGHIJK} = {3456789A-BCDE-F012-3456-789ABCDEF012}
		{G7H8I9J0-K1L2-3456-7890-123456GHIJKL} = {456789AB-CDEF-0123-4567-89ABCDEF0123}
		{H8I9J0K1-L2M3-4567-8901-234567HIJKLM} = {456789AB-CDEF-0123-4567-89ABCDEF0123}
		{I9J0K1L2-M3N4-5678-9012-345678IJKLMN} = {456789AB-CDEF-0123-4567-89ABCDEF0123}
		{J0K1L2M3-N4O5-6789-0123-456789JKLMNO} = {456789AB-CDEF-0123-4567-89ABCDEF0123}
		{K1L2M3N4-O5P6-7890-1234-567890KLMNOP} = {56789ABC-DEF0-1234-5678-9ABCDEF01234}
		{L2M3N4O5-P6Q7-8901-2345-678901LMNOPQ} = {56789ABC-DEF0-1234-5678-9ABCDEF01234}
		{M3N4O5P6-Q7R8-9012-3456-789012MNOPQR} = {56789ABC-DEF0-1234-5678-9ABCDEF01234}
		{N4O5P6Q7-R8S9-0123-4567-890123NOPQRS} = {56789ABC-DEF0-1234-5678-9ABCDEF01234}
		{O5P6Q7R8-S9T0-1234-5678-901234OPQRST} = {6789ABCD-EF01-2345-6789-ABCDEF012345}
		{P6Q7R8S9-T0U1-2345-6789-012345PQRSTU} = {6789ABCD-EF01-2345-6789-ABCDEF012345}
		{Q7R8S9T0-U1V2-3456-7890-123456QRSTUV} = {6789ABCD-EF01-2345-6789-ABCDEF012345}
		{R8S9T0U1-V2W3-4567-8901-234567RSTUVW} = {6789ABCD-EF01-2345-6789-ABCDEF012345}
		{12345678-9ABC-DEF0-1234-56789ABCDEF0} = {01234567-89AB-CDEF-0123-456789ABCDEF}
		{23456789-ABCD-EF01-2345-6789ABCDEF01} = {01234567-89AB-CDEF-0123-456789ABCDEF}
		{3456789A-BCDE-F012-3456-789ABCDEF012} = {01234567-89AB-CDEF-0123-456789ABCDEF}
		{456789AB-CDEF-0123-4567-89ABCDEF0123} = {01234567-89AB-CDEF-0123-456789ABCDEF}
		{56789ABC-DEF0-1234-5678-9ABCDEF01234} = {01234567-89AB-CDEF-0123-456789ABCDEF}
	EndGlobalSection
	GlobalSection(ExtensibilityGlobals) = postSolution
		SolutionGuid = {ABCDEF01-2345-6789-ABCD-EF0123456789}
	EndGlobalSection
EndGlobal